
Microsoft Visual Studio Solution File, Format Version 12.00
# Visual Studio Version 17
VisualStudioVersion = 17.5.33502.453
MinimumVisualStudioVersion = 10.0.40219.1
Project("{FAE04EC0-301F-11D3-BF4B-00C04F79EFBC}") = "Experimenting_WPF", "Experimenting_WPF\Experimenting_WPF.csproj", "{BEB66CA0-3FF6-43FA-A161-767FE054EF62}"
EndProject
Global
	GlobalSection(SolutionConfigurationPlatforms) = preSolution
		Debug|Any CPU = Debug|Any CPU
		Release|Any CPU = Release|Any CPU
	EndGlobalSection
	GlobalSection(ProjectConfigurationPlatforms) = postSolution
		{BEB66CA0-3FF6-43FA-A161-767FE054EF62}.Debug|Any CPU.ActiveCfg = Debug|Any CPU
		{BEB66CA0-3FF6-43FA-A161-767FE054EF62}.Debug|Any CPU.Build.0 = Debug|Any CPU
		{BEB66CA0-3FF6-43FA-A161-767FE054EF62}.Release|Any CPU.ActiveCfg = Release|Any CPU
		{BEB66CA0-3FF6-43FA-A161-767FE054EF62}.Release|Any CPU.Build.0 = Release|Any CPU
	EndGlobalSection
	GlobalSection(SolutionProperties) = preSolution
		HideSolutionNode = FALSE
	EndGlobalSection
	GlobalSection(ExtensibilityGlobals) = postSolution
		SolutionGuid = {F89FFEF9-6BAD-4BAC-9355-3A6AD428467B}
	EndGlobalSection
EndGlobal
